// !$*UTF8*$!
{
	archiveVersion = 1;
	classes = {
	};
	objectVersion = 46;
	objects = {

/* Begin PBXBuildFile section */
		28456709140D32A000971AA5 /* CCCarouselViewController.m in Sources */ = {isa = PBXBuildFile; fileRef = 28456707140D32A000971AA5 /* CCCarouselViewController.m */; };
		2845670A140D32A000971AA5 /* CCCarouselViewController.xib in Resources */ = {isa = PBXBuildFile; fileRef = 28456708140D32A000971AA5 /* CCCarouselViewController.xib */; };
		2881EAD3140C168700811CA2 /* CCCarouselView.m in Sources */ = {isa = PBXBuildFile; fileRef = 2881EAD2140C168700811CA2 /* CCCarouselView.m */; };
		2896B461140766AE00891187 /* UIKit.framework in Frameworks */ = {isa = PBXBuildFile; fileRef = 2896B460140766AE00891187 /* UIKit.framework */; };
		2896B463140766AE00891187 /* Foundation.framework in Frameworks */ = {isa = PBXBuildFile; fileRef = 2896B462140766AE00891187 /* Foundation.framework */; };
		2896B465140766AE00891187 /* CoreGraphics.framework in Frameworks */ = {isa = PBXBuildFile; fileRef = 2896B464140766AE00891187 /* CoreGraphics.framework */; };
		2896B46B140766AE00891187 /* InfoPlist.strings in Resources */ = {isa = PBXBuildFile; fileRef = 2896B469140766AE00891187 /* InfoPlist.strings */; };
		2896B46E140766AE00891187 /* main.m in Sources */ = {isa = PBXBuildFile; fileRef = 2896B46D140766AE00891187 /* main.m */; };
		2896B471140766AE00891187 /* CCAppDelegate.m in Sources */ = {isa = PBXBuildFile; fileRef = 2896B470140766AE00891187 /* CCAppDelegate.m */; };
		2896B474140766AE00891187 /* MainWindow.xib in Resources */ = {isa = PBXBuildFile; fileRef = 2896B472140766AE00891187 /* MainWindow.xib */; };
/* End PBXBuildFile section */

/* Begin PBXFileReference section */
		28456706140D32A000971AA5 /* CCCarouselViewController.h */ = {isa = PBXFileReference; fileEncoding = 4; lastKnownFileType = sourcecode.c.h; path = CCCarouselViewController.h; sourceTree = "<group>"; };
		28456707140D32A000971AA5 /* CCCarouselViewController.m */ = {isa = PBXFileReference; fileEncoding = 4; lastKnownFileType = sourcecode.c.objc; path = CCCarouselViewController.m; sourceTree = "<group>"; };
		28456708140D32A000971AA5 /* CCCarouselViewController.xib */ = {isa = PBXFileReference; fileEncoding = 4; lastKnownFileType = file.xib; path = CCCarouselViewController.xib; sourceTree = "<group>"; };
		2881EAD1140C168700811CA2 /* CCCarouselView.h */ = {isa = PBXFileReference; fileEncoding = 4; lastKnownFileType = sourcecode.c.h; path = CCCarouselView.h; sourceTree = "<group>"; };
		2881EAD2140C168700811CA2 /* CCCarouselView.m */ = {isa = PBXFileReference; fileEncoding = 4; lastKnownFileType = sourcecode.c.objc; path = CCCarouselView.m; sourceTree = "<group>"; };
		2896B45C140766AE00891187 /* CCCarouselView.app */ = {isa = PBXFileReference; explicitFileType = wrapper.application; includeInIndex = 0; path = CCCarouselView.app; sourceTree = BUILT_PRODUCTS_DIR; };
		2896B460140766AE00891187 /* UIKit.framework */ = {isa = PBXFileReference; lastKnownFileType = wrapper.framework; name = UIKit.framework; path = System/Library/Frameworks/UIKit.framework; sourceTree = SDKROOT; };
		2896B462140766AE00891187 /* Foundation.framework */ = {isa = PBXFileReference; lastKnownFileType = wrapper.framework; name = Foundation.framework; path = System/Library/Frameworks/Foundation.framework; sourceTree = SDKROOT; };
		2896B464140766AE00891187 /* CoreGraphics.framework */ = {isa = PBXFileReference; lastKnownFileType = wrapper.framework; name = CoreGraphics.framework; path = System/Library/Frameworks/CoreGraphics.framework; sourceTree = SDKROOT; };
		2896B468140766AE00891187 /* CCCarouselView-Info.plist */ = {isa = PBXFileReference; lastKnownFileType = text.plist.xml; path = "CCCarouselView-Info.plist"; sourceTree = "<group>"; };
		2896B46A140766AE00891187 /* en */ = {isa = PBXFileReference; lastKnownFileType = text.plist.strings; name = en; path = en.lproj/InfoPlist.strings; sourceTree = "<group>"; };
		2896B46C140766AE00891187 /* CCCarouselView-Prefix.pch */ = {isa = PBXFileReference; lastKnownFileType = sourcecode.c.h; path = "CCCarouselView-Prefix.pch"; sourceTree = "<group>"; };
		2896B46D140766AE00891187 /* main.m */ = {isa = PBXFileReference; lastKnownFileType = sourcecode.c.objc; path = main.m; sourceTree = "<group>"; };
		2896B46F140766AE00891187 /* CCAppDelegate.h */ = {isa = PBXFileReference; lastKnownFileType = sourcecode.c.h; path = CCAppDelegate.h; sourceTree = "<group>"; };
		2896B470140766AE00891187 /* CCAppDelegate.m */ = {isa = PBXFileReference; lastKnownFileType = sourcecode.c.objc; path = CCAppDelegate.m; sourceTree = "<group>"; };
		2896B473140766AE00891187 /* en */ = {isa = PBXFileReference; lastKnownFileType = file.xib; name = en; path = en.lproj/MainWindow.xib; sourceTree = "<group>"; };
/* End PBXFileReference section */

/* Begin PBXFrameworksBuildPhase section */
		2896B459140766AE00891187 /* Frameworks */ = {
			isa = PBXFrameworksBuildPhase;
			buildActionMask = 2147483647;
			files = (
				2896B461140766AE00891187 /* UIKit.framework in Frameworks */,
				2896B463140766AE00891187 /* Foundation.framework in Frameworks */,
				2896B465140766AE00891187 /* CoreGraphics.framework in Frameworks */,
			);
			runOnlyForDeploymentPostprocessing = 0;
		};
/* End PBXFrameworksBuildPhase section */

/* Begin PBXGroup section */
		2896B451140766AE00891187 = {
			isa = PBXGroup;
			children = (
				2896B466140766AE00891187 /* CCCarouselView */,
				2896B45F140766AE00891187 /* Frameworks */,
				2896B45D140766AE00891187 /* Products */,
			);
			sourceTree = "<group>";
		};
		2896B45D140766AE00891187 /* Products */ = {
			isa = PBXGroup;
			children = (
				2896B45C140766AE00891187 /* CCCarouselView.app */,
			);
			name = Products;
			sourceTree = "<group>";
		};
		2896B45F140766AE00891187 /* Frameworks */ = {
			isa = PBXGroup;
			children = (
				2896B460140766AE00891187 /* UIKit.framework */,
				2896B462140766AE00891187 /* Foundation.framework */,
				2896B464140766AE00891187 /* CoreGraphics.framework */,
			);
			name = Frameworks;
			sourceTree = "<group>";
		};
		2896B466140766AE00891187 /* CCCarouselView */ = {
			isa = PBXGroup;
			children = (
				2896B46F140766AE00891187 /* CCAppDelegate.h */,
				2896B470140766AE00891187 /* CCAppDelegate.m */,
				2896B472140766AE00891187 /* MainWindow.xib */,
				2881EAD1140C168700811CA2 /* CCCarouselView.h */,
				2881EAD2140C168700811CA2 /* CCCarouselView.m */,
				2896B467140766AE00891187 /* Supporting Files */,
				28456706140D32A000971AA5 /* CCCarouselViewController.h */,
				28456707140D32A000971AA5 /* CCCarouselViewController.m */,
				28456708140D32A000971AA5 /* CCCarouselViewController.xib */,
			);
			path = CCCarouselView;
			sourceTree = "<group>";
		};
		2896B467140766AE00891187 /* Supporting Files */ = {
			isa = PBXGroup;
			children = (
				2896B468140766AE00891187 /* CCCarouselView-Info.plist */,
				2896B469140766AE00891187 /* InfoPlist.strings */,
				2896B46C140766AE00891187 /* CCCarouselView-Prefix.pch */,
				2896B46D140766AE00891187 /* main.m */,
			);
			name = "Supporting Files";
			sourceTree = "<group>";
		};
/* End PBXGroup section */

/* Begin PBXNativeTarget section */
		2896B45B140766AE00891187 /* CCCarouselView */ = {
			isa = PBXNativeTarget;
			buildConfigurationList = 2896B477140766AE00891187 /* Build configuration list for PBXNativeTarget "CCCarouselView" */;
			buildPhases = (
				2896B458140766AE00891187 /* Sources */,
				2896B459140766AE00891187 /* Frameworks */,
				2896B45A140766AE00891187 /* Resources */,
			);
			buildRules = (
			);
			dependencies = (
			);
			name = CCCarouselView;
			productName = CCCarouselView;
			productReference = 2896B45C140766AE00891187 /* CCCarouselView.app */;
			productType = "com.apple.product-type.application";
		};
/* End PBXNativeTarget section */

/* Begin PBXProject section */
		2896B453140766AE00891187 /* Project object */ = {
			isa = PBXProject;
			attributes = {
				ORGANIZATIONNAME = "Mobile Strategist and iOS Developer";
			};
			buildConfigurationList = 2896B456140766AE00891187 /* Build configuration list for PBXProject "CCCarouselView" */;
			compatibilityVersion = "Xcode 3.2";
			developmentRegion = English;
			hasScannedForEncodings = 0;
			knownRegions = (
				en,
			);
			mainGroup = 2896B451140766AE00891187;
			productRefGroup = 2896B45D140766AE00891187 /* Products */;
			projectDirPath = "";
			projectRoot = "";
			targets = (
				2896B45B140766AE00891187 /* CCCarouselView */,
			);
		};
/* End PBXProject section */

/* Begin PBXResourcesBuildPhase section */
		2896B45A140766AE00891187 /* Resources */ = {
			isa = PBXResourcesBuildPhase;
			buildActionMask = 2147483647;
			files = (
				2896B46B140766AE00891187 /* InfoPlist.strings in Resources */,
				2896B474140766AE00891187 /* MainWindow.xib in Resources */,
				2845670A140D32A000971AA5 /* CCCarouselViewController.xib in Resources */,
			);
			runOnlyForDeploymentPostprocessing = 0;
		};
/* End PBXResourcesBuildPhase section */

/* Begin PBXSourcesBuildPhase section */
		2896B458140766AE00891187 /* Sources */ = {
			isa = PBXSourcesBuildPhase;
			buildActionMask = 2147483647;
			files = (
				2896B46E140766AE00891187 /* main.m in Sources */,
				2896B471140766AE00891187 /* CCAppDelegate.m in Sources */,
				2881EAD3140C168700811CA2 /* CCCarouselView.m in Sources */,
				28456709140D32A000971AA5 /* CCCarouselViewController.m in Sources */,
			);
			runOnlyForDeploymentPostprocessing = 0;
		};
/* End PBXSourcesBuildPhase section */

/* Begin PBXVariantGroup section */
		2896B469140766AE00891187 /* InfoPlist.strings */ = {
			isa = PBXVariantGroup;
			children = (
				2896B46A140766AE00891187 /* en */,
			);
			name = InfoPlist.strings;
			sourceTree = "<group>";
		};
		2896B472140766AE00891187 /* MainWindow.xib */ = {
			isa = PBXVariantGroup;
			children = (
				2896B473140766AE00891187 /* en */,
			);
			name = MainWindow.xib;
			sourceTree = "<group>";
		};
/* End PBXVariantGroup section */

/* Begin XCBuildConfiguration section */
		2896B475140766AE00891187 /* Debug */ = {
			isa = XCBuildConfiguration;
			buildSettings = {
				ARCHS = "$(ARCHS_STANDARD_32_BIT)";
				"CODE_SIGN_IDENTITY[sdk=iphoneos*]" = "iPhone Developer";
				GCC_C_LANGUAGE_STANDARD = gnu99;
				GCC_OPTIMIZATION_LEVEL = 0;
				GCC_PREPROCESSOR_DEFINITIONS = DEBUG;
				GCC_SYMBOLS_PRIVATE_EXTERN = NO;
				GCC_VERSION = com.apple.compilers.llvmgcc42;
				GCC_WARN_ABOUT_RETURN_TYPE = YES;
				GCC_WARN_UNUSED_VARIABLE = YES;
				IPHONEOS_DEPLOYMENT_TARGET = 4.3;
				SDKROOT = iphoneos;
			};
			name = Debug;
		};
		2896B476140766AE00891187 /* Release */ = {
			isa = XCBuildConfiguration;
			buildSettings = {
				ARCHS = "$(ARCHS_STANDARD_32_BIT)";
				"CODE_SIGN_IDENTITY[sdk=iphoneos*]" = "iPhone Developer";
				GCC_C_LANGUAGE_STANDARD = gnu99;
				GCC_VERSION = com.apple.compilers.llvmgcc42;
				GCC_WARN_ABOUT_RETURN_TYPE = YES;
				GCC_WARN_UNUSED_VARIABLE = YES;
				IPHONEOS_DEPLOYMENT_TARGET = 4.3;
				OTHER_CFLAGS = "-DNS_BLOCK_ASSERTIONS=1";
				SDKROOT = iphoneos;
			};
			name = Release;
		};
		2896B478140766AE00891187 /* Debug */ = {
			isa = XCBuildConfiguration;
			buildSettings = {
				ALWAYS_SEARCH_USER_PATHS = NO;
				COPY_PHASE_STRIP = NO;
				GCC_DYNAMIC_NO_PIC = NO;
				GCC_PRECOMPILE_PREFIX_HEADER = YES;
				GCC_PREFIX_HEADER = "CCCarouselView/CCCarouselView-Prefix.pch";
				INFOPLIST_FILE = "CCCarouselView/CCCarouselView-Info.plist";
				PRODUCT_NAME = "$(TARGET_NAME)";
				WRAPPER_EXTENSION = app;
			};
			name = Debug;
		};
		2896B479140766AE00891187 /* Release */ = {
			isa = XCBuildConfiguration;
			buildSettings = {
				ALWAYS_SEARCH_USER_PATHS = NO;
				COPY_PHASE_STRIP = YES;
				GCC_PRECOMPILE_PREFIX_HEADER = YES;
				GCC_PREFIX_HEADER = "CCCarouselView/CCCarouselView-Prefix.pch";
				INFOPLIST_FILE = "CCCarouselView/CCCarouselView-Info.plist";
				PRODUCT_NAME = "$(TARGET_NAME)";
				VALIDATE_PRODUCT = YES;
				WRAPPER_EXTENSION = app;
			};
			name = Release;
		};
/* End XCBuildConfiguration section */

/* Begin XCConfigurationList section */
		2896B456140766AE00891187 /* Build configuration list for PBXProject "CCCarouselView" */ = {
			isa = XCConfigurationList;
			buildConfigurations = (
				2896B475140766AE00891187 /* Debug */,
				2896B476140766AE00891187 /* Release */,
			);
			defaultConfigurationIsVisible = 0;
			defaultConfigurationName = Release;
		};
		2896B477140766AE00891187 /* Build configuration list for PBXNativeTarget "CCCarouselView" */ = {
			isa = XCConfigurationList;
			buildConfigurations = (
				2896B478140766AE00891187 /* Debug */,
				2896B479140766AE00891187 /* Release */,
			);
			defaultConfigurationIsVisible = 0;
			defaultConfigurationName = Release;
		};
/* End XCConfigurationList section */
	};
	rootObject = 2896B453140766AE00891187 /* Project object */;
}
